
Microsoft Visual Studio Solution File, Format Version 12.00
# Visual Studio Version 16
VisualStudioVersion = 16.0.28922.388
MinimumVisualStudioVersion = 10.0.40219.1
Project("{FAE04EC0-301F-11D3-BF4B-00C04F79EFBC}") = "Bloodbank.Core", "Bloodbank.Core\Bloodbank.Core.csproj", "{97F583BC-41C4-43E0-9488-097A9555C428}"
EndProject
Project("{FAE04EC0-301F-11D3-BF4B-00C04F79EFBC}") = "Bloodbank.DataBase", "Bloodbank.DataBase\Bloodbank.DataBase.csproj", "{1E6ACC2B-0C3E-44F6-B632-26320CF9A000}"
EndProject
Project("{FAE04EC0-301F-11D3-BF4B-00C04F79EFBC}") = "Bloodbank.Ui", "Bloodbank.Ui\Bloodbank.Ui.csproj", "{39D9C8CD-784F-4F7E-A879-885B60D233DE}"
EndProject
Global
	GlobalSection(SolutionConfigurationPlatforms) = preSolution
		Debug|Any CPU = Debug|Any CPU
		Release|Any CPU = Release|Any CPU
	EndGlobalSection
	GlobalSection(ProjectConfigurationPlatforms) = postSolution
		{97F583BC-41C4-43E0-9488-097A9555C428}.Debug|Any CPU.ActiveCfg = Debug|Any CPU
		{97F583BC-41C4-43E0-9488-097A9555C428}.Debug|Any CPU.Build.0 = Debug|Any CPU
		{97F583BC-41C4-43E0-9488-097A9555C428}.Release|Any CPU.ActiveCfg = Release|Any CPU
		{97F583BC-41C4-43E0-9488-097A9555C428}.Release|Any CPU.Build.0 = Release|Any CPU
		{1E6ACC2B-0C3E-44F6-B632-26320CF9A000}.Debug|Any CPU.ActiveCfg = Debug|Any CPU
		{1E6ACC2B-0C3E-44F6-B632-26320CF9A000}.Debug|Any CPU.Build.0 = Debug|Any CPU
		{1E6ACC2B-0C3E-44F6-B632-26320CF9A000}.Release|Any CPU.ActiveCfg = Release|Any CPU
		{1E6ACC2B-0C3E-44F6-B632-26320CF9A000}.Release|Any CPU.Build.0 = Release|Any CPU
		{39D9C8CD-784F-4F7E-A879-885B60D233DE}.Debug|Any CPU.ActiveCfg = Debug|Any CPU
		{39D9C8CD-784F-4F7E-A879-885B60D233DE}.Debug|Any CPU.Build.0 = Debug|Any CPU
		{39D9C8CD-784F-4F7E-A879-885B60D233DE}.Release|Any CPU.ActiveCfg = Release|Any CPU
		{39D9C8CD-784F-4F7E-A879-885B60D233DE}.Release|Any CPU.Build.0 = Release|Any CPU
	EndGlobalSection
	GlobalSection(SolutionProperties) = preSolution
		HideSolutionNode = FALSE
	EndGlobalSection
	GlobalSection(ExtensibilityGlobals) = postSolution
		SolutionGuid = {D71F3320-0BBF-430B-8581-1C53D89440A5}
	EndGlobalSection
EndGlobal
